
Microsoft Visual Studio Solution File, Format Version 12.00
# Visual Studio Version 17
VisualStudioVersion = 17.0.31903.59
MinimumVisualStudioVersion = 10.0.40219.1
Project("{2150E333-8FDC-42A3-9474-1A3956D46DE8}") = "src", "src", "{4F107595-2567-4B00-94D6-57BBFD69F30D}"
EndProject
Project("{2150E333-8FDC-42A3-9474-1A3956D46DE8}") = "services", "services", "{101345ED-AD25-4772-ACF5-E43EE3B4D1B5}"
EndProject
Project("{2150E333-8FDC-42A3-9474-1A3956D46DE8}") = "CatalogDefinitionService", "CatalogDefinitionService", "{FE922C57-A521-46B7-8E10-321A641A0510}"
EndProject
Project("{9A19103F-16F7-4668-BE54-9A1E7A4F7556}") = "Wiaoj.ECommerce.CatalogDefinitionService.Domain", "src\services\CatalogDefinitionService\Wiaoj.ECommerce.CatalogDefinitionService.Domain\Wiaoj.ECommerce.CatalogDefinitionService.Domain.csproj", "{BB368259-D4BF-46F8-AFFB-CC3FFB897DFB}"
EndProject
Project("{2150E333-8FDC-42A3-9474-1A3956D46DE8}") = "libraries", "libraries", "{6741F607-7FCE-4603-88AE-61447BD14222}"
EndProject
Project("{9A19103F-16F7-4668-BE54-9A1E7A4F7556}") = "Wiaoj.Libraries.Domain.Abstractions", "src\libraries\Wiaoj.Libraries.Domain.Abstractions\Wiaoj.Libraries.Domain.Abstractions.csproj", "{8DA35F2D-EBEC-4FDA-9AA4-15B359C313F2}"
EndProject
Project("{9A19103F-16F7-4668-BE54-9A1E7A4F7556}") = "Wiaoj.ECommerce.CatalogDefinitionService.Application", "src\services\CatalogDefinitionService\Wiaoj.ECommerce.CatalogDefinitionService.Application\Wiaoj.ECommerce.CatalogDefinitionService.Application.csproj", "{39C8F089-712B-447B-8560-80E727066B16}"
EndProject
Project("{9A19103F-16F7-4668-BE54-9A1E7A4F7556}") = "Wiaoj.ECommerce.CatalogDefinitionService.Persistence", "src\services\CatalogDefinitionService\Wiaoj.ECommerce.CatalogDefinitionService.Persistence\Wiaoj.ECommerce.CatalogDefinitionService.Persistence.csproj", "{A3D001E1-2A56-4F62-B7FE-3CA2AE60DA0D}"
EndProject
Project("{9A19103F-16F7-4668-BE54-9A1E7A4F7556}") = "Wiaoj.ECommerce.CatalogDefinitionService.WebAPI", "src\services\CatalogDefinitionService\Wiaoj.ECommerce.CatalogDefinitionService.WebAPI\Wiaoj.ECommerce.CatalogDefinitionService.WebAPI.csproj", "{D433BAAE-248B-4512-BCE3-9050A11371E1}"
EndProject
Project("{9A19103F-16F7-4668-BE54-9A1E7A4F7556}") = "Wiaoj.ECommerce.CatalogDefinitionService.Infrastructure", "src\services\CatalogDefinitionService\Wiaoj.ECommerce.CatalogDefinitionService.Infrastructure\Wiaoj.ECommerce.CatalogDefinitionService.Infrastructure.csproj", "{366F38FA-5B26-4CD5-8995-95037FBB71A9}"
EndProject
Project("{2150E333-8FDC-42A3-9474-1A3956D46DE8}") = "tests", "tests", "{7DC42FF2-00AE-429A-B70F-58975D5CFD02}"
EndProject
Project("{2150E333-8FDC-42A3-9474-1A3956D46DE8}") = "services", "services", "{2FD39FD5-B0A2-404E-B4BD-DB7E3EF1E166}"
EndProject
Project("{2150E333-8FDC-42A3-9474-1A3956D46DE8}") = "CatalogDefinitionService", "CatalogDefinitionService", "{89B58BDD-4E51-4929-8D10-E92568FA8988}"
EndProject
Project("{9A19103F-16F7-4668-BE54-9A1E7A4F7556}") = "Wiaoj.ECommerce.CatalogDefinitionService.Domain.Tests", "tests\services\CatalogDefinitionService\Wiaoj.ECommerce.CatalogDefinitionService.Domain.Tests\Wiaoj.ECommerce.CatalogDefinitionService.Domain.Tests.csproj", "{6A005C6F-7760-41C0-AE61-A5800E034710}"
EndProject
Project("{9A19103F-16F7-4668-BE54-9A1E7A4F7556}") = "Wiaoj.Libraries.AspNetCore", "src\libraries\Wiaoj.Libraries.AspNetCore\Wiaoj.Libraries.AspNetCore.csproj", "{94979FD6-F35C-4B39-BDCD-1A37964A8DCA}"
EndProject
Project("{2150E333-8FDC-42A3-9474-1A3956D46DE8}") = "CatalogDiscoveryService", "CatalogDiscoveryService", "{EC1114D3-F4BD-43F2-8956-2A7400893C67}"
EndProject
Project("{2150E333-8FDC-42A3-9474-1A3956D46DE8}") = "proxies", "proxies", "{630D6D64-9CE8-4877-86CF-DFC0F5684D09}"
EndProject
Project("{9A19103F-16F7-4668-BE54-9A1E7A4F7556}") = "Wiaoj.ECommerce.Proxies.CatalogGateway", "src\proxies\Wiaoj.ECommerce.Proxies.CatalogGateway\Wiaoj.ECommerce.Proxies.CatalogGateway.csproj", "{D3C6798D-ABF5-4064-A3BA-120535B515D4}"
EndProject
Project("{9A19103F-16F7-4668-BE54-9A1E7A4F7556}") = "Wiaoj.ECommerce.CatalogDiscoveryService.Application", "src\services\CatalogDiscoveryService\Wiaoj.ECommerce.CatalogDiscoveryService.Application\Wiaoj.ECommerce.CatalogDiscoveryService.Application.csproj", "{43FBAD34-16A8-46AA-8028-F82A73B1DD20}"
EndProject
Project("{9A19103F-16F7-4668-BE54-9A1E7A4F7556}") = "Wiaoj.ECommerce.CatalogDiscoveryService.Domain", "src\services\CatalogDiscoveryService\Wiaoj.ECommerce.CatalogDiscoveryService.Domain\Wiaoj.ECommerce.CatalogDiscoveryService.Domain.csproj", "{62E83C2B-A025-4D7A-A372-1BD6E2307E98}"
EndProject
Project("{9A19103F-16F7-4668-BE54-9A1E7A4F7556}") = "Wiaoj.ECommerce.CatalogDiscoveryService.WebAPI", "src\services\CatalogDiscoveryService\Wiaoj.ECommerce.CatalogDiscoveryService.WebAPI\Wiaoj.ECommerce.CatalogDiscoveryService.WebAPI.csproj", "{883BBF7B-F611-4C86-BEBC-A2319B79F311}"
EndProject
Project("{FAE04EC0-301F-11D3-BF4B-00C04F79EFBC}") = "Wiaoj.Libraries.Repository.Abstractions", "src\libraries\Wiaoj.Libraries.Repository.Abstractions\Wiaoj.Libraries.Repository.Abstractions.csproj", "{B16F2580-1219-4232-B14A-31B34F8C4ABC}"
EndProject
Global
	GlobalSection(SolutionConfigurationPlatforms) = preSolution
		Debug|Any CPU = Debug|Any CPU
		Release|Any CPU = Release|Any CPU
	EndGlobalSection
	GlobalSection(ProjectConfigurationPlatforms) = postSolution
		{BB368259-D4BF-46F8-AFFB-CC3FFB897DFB}.Debug|Any CPU.ActiveCfg = Debug|Any CPU
		{BB368259-D4BF-46F8-AFFB-CC3FFB897DFB}.Debug|Any CPU.Build.0 = Debug|Any CPU
		{BB368259-D4BF-46F8-AFFB-CC3FFB897DFB}.Release|Any CPU.ActiveCfg = Release|Any CPU
		{BB368259-D4BF-46F8-AFFB-CC3FFB897DFB}.Release|Any CPU.Build.0 = Release|Any CPU
		{8DA35F2D-EBEC-4FDA-9AA4-15B359C313F2}.Debug|Any CPU.ActiveCfg = Debug|Any CPU
		{8DA35F2D-EBEC-4FDA-9AA4-15B359C313F2}.Debug|Any CPU.Build.0 = Debug|Any CPU
		{8DA35F2D-EBEC-4FDA-9AA4-15B359C313F2}.Release|Any CPU.ActiveCfg = Release|Any CPU
		{8DA35F2D-EBEC-4FDA-9AA4-15B359C313F2}.Release|Any CPU.Build.0 = Release|Any CPU
		{39C8F089-712B-447B-8560-80E727066B16}.Debug|Any CPU.ActiveCfg = Debug|Any CPU
		{39C8F089-712B-447B-8560-80E727066B16}.Debug|Any CPU.Build.0 = Debug|Any CPU
		{39C8F089-712B-447B-8560-80E727066B16}.Release|Any CPU.ActiveCfg = Release|Any CPU
		{39C8F089-712B-447B-8560-80E727066B16}.Release|Any CPU.Build.0 = Release|Any CPU
		{A3D001E1-2A56-4F62-B7FE-3CA2AE60DA0D}.Debug|Any CPU.ActiveCfg = Debug|Any CPU
		{A3D001E1-2A56-4F62-B7FE-3CA2AE60DA0D}.Debug|Any CPU.Build.0 = Debug|Any CPU
		{A3D001E1-2A56-4F62-B7FE-3CA2AE60DA0D}.Release|Any CPU.ActiveCfg = Release|Any CPU
		{A3D001E1-2A56-4F62-B7FE-3CA2AE60DA0D}.Release|Any CPU.Build.0 = Release|Any CPU
		{D433BAAE-248B-4512-BCE3-9050A11371E1}.Debug|Any CPU.ActiveCfg = Debug|Any CPU
		{D433BAAE-248B-4512-BCE3-9050A11371E1}.Debug|Any CPU.Build.0 = Debug|Any CPU
		{D433BAAE-248B-4512-BCE3-9050A11371E1}.Release|Any CPU.ActiveCfg = Release|Any CPU
		{D433BAAE-248B-4512-BCE3-9050A11371E1}.Release|Any CPU.Build.0 = Release|Any CPU
		{366F38FA-5B26-4CD5-8995-95037FBB71A9}.Debug|Any CPU.ActiveCfg = Debug|Any CPU
		{366F38FA-5B26-4CD5-8995-95037FBB71A9}.Debug|Any CPU.Build.0 = Debug|Any CPU
		{366F38FA-5B26-4CD5-8995-95037FBB71A9}.Release|Any CPU.ActiveCfg = Release|Any CPU
		{366F38FA-5B26-4CD5-8995-95037FBB71A9}.Release|Any CPU.Build.0 = Release|Any CPU
		{6A005C6F-7760-41C0-AE61-A5800E034710}.Debug|Any CPU.ActiveCfg = Debug|Any CPU
		{6A005C6F-7760-41C0-AE61-A5800E034710}.Debug|Any CPU.Build.0 = Debug|Any CPU
		{6A005C6F-7760-41C0-AE61-A5800E034710}.Release|Any CPU.ActiveCfg = Release|Any CPU
		{6A005C6F-7760-41C0-AE61-A5800E034710}.Release|Any CPU.Build.0 = Release|Any CPU
		{94979FD6-F35C-4B39-BDCD-1A37964A8DCA}.Debug|Any CPU.ActiveCfg = Debug|Any CPU
		{94979FD6-F35C-4B39-BDCD-1A37964A8DCA}.Debug|Any CPU.Build.0 = Debug|Any CPU
		{94979FD6-F35C-4B39-BDCD-1A37964A8DCA}.Release|Any CPU.ActiveCfg = Release|Any CPU
		{94979FD6-F35C-4B39-BDCD-1A37964A8DCA}.Release|Any CPU.Build.0 = Release|Any CPU
		{D3C6798D-ABF5-4064-A3BA-120535B515D4}.Debug|Any CPU.ActiveCfg = Debug|Any CPU
		{D3C6798D-ABF5-4064-A3BA-120535B515D4}.Debug|Any CPU.Build.0 = Debug|Any CPU
		{D3C6798D-ABF5-4064-A3BA-120535B515D4}.Release|Any CPU.ActiveCfg = Release|Any CPU
		{D3C6798D-ABF5-4064-A3BA-120535B515D4}.Release|Any CPU.Build.0 = Release|Any CPU
		{43FBAD34-16A8-46AA-8028-F82A73B1DD20}.Debug|Any CPU.ActiveCfg = Debug|Any CPU
		{43FBAD34-16A8-46AA-8028-F82A73B1DD20}.Debug|Any CPU.Build.0 = Debug|Any CPU
		{43FBAD34-16A8-46AA-8028-F82A73B1DD20}.Release|Any CPU.ActiveCfg = Release|Any CPU
		{43FBAD34-16A8-46AA-8028-F82A73B1DD20}.Release|Any CPU.Build.0 = Release|Any CPU
		{62E83C2B-A025-4D7A-A372-1BD6E2307E98}.Debug|Any CPU.ActiveCfg = Debug|Any CPU
		{62E83C2B-A025-4D7A-A372-1BD6E2307E98}.Debug|Any CPU.Build.0 = Debug|Any CPU
		{62E83C2B-A025-4D7A-A372-1BD6E2307E98}.Release|Any CPU.ActiveCfg = Release|Any CPU
		{62E83C2B-A025-4D7A-A372-1BD6E2307E98}.Release|Any CPU.Build.0 = Release|Any CPU
		{883BBF7B-F611-4C86-BEBC-A2319B79F311}.Debug|Any CPU.ActiveCfg = Debug|Any CPU
		{883BBF7B-F611-4C86-BEBC-A2319B79F311}.Debug|Any CPU.Build.0 = Debug|Any CPU
		{883BBF7B-F611-4C86-BEBC-A2319B79F311}.Release|Any CPU.ActiveCfg = Release|Any CPU
		{883BBF7B-F611-4C86-BEBC-A2319B79F311}.Release|Any CPU.Build.0 = Release|Any CPU
		{B16F2580-1219-4232-B14A-31B34F8C4ABC}.Debug|Any CPU.ActiveCfg = Debug|Any CPU
		{B16F2580-1219-4232-B14A-31B34F8C4ABC}.Debug|Any CPU.Build.0 = Debug|Any CPU
		{B16F2580-1219-4232-B14A-31B34F8C4ABC}.Release|Any CPU.ActiveCfg = Release|Any CPU
		{B16F2580-1219-4232-B14A-31B34F8C4ABC}.Release|Any CPU.Build.0 = Release|Any CPU
	EndGlobalSection
	GlobalSection(SolutionProperties) = preSolution
		HideSolutionNode = FALSE
	EndGlobalSection
	GlobalSection(NestedProjects) = preSolution
		{101345ED-AD25-4772-ACF5-E43EE3B4D1B5} = {4F107595-2567-4B00-94D6-57BBFD69F30D}
		{FE922C57-A521-46B7-8E10-321A641A0510} = {101345ED-AD25-4772-ACF5-E43EE3B4D1B5}
		{BB368259-D4BF-46F8-AFFB-CC3FFB897DFB} = {FE922C57-A521-46B7-8E10-321A641A0510}
		{6741F607-7FCE-4603-88AE-61447BD14222} = {4F107595-2567-4B00-94D6-57BBFD69F30D}
		{8DA35F2D-EBEC-4FDA-9AA4-15B359C313F2} = {6741F607-7FCE-4603-88AE-61447BD14222}
		{39C8F089-712B-447B-8560-80E727066B16} = {FE922C57-A521-46B7-8E10-321A641A0510}
		{A3D001E1-2A56-4F62-B7FE-3CA2AE60DA0D} = {FE922C57-A521-46B7-8E10-321A641A0510}
		{D433BAAE-248B-4512-BCE3-9050A11371E1} = {FE922C57-A521-46B7-8E10-321A641A0510}
		{366F38FA-5B26-4CD5-8995-95037FBB71A9} = {FE922C57-A521-46B7-8E10-321A641A0510}
		{2FD39FD5-B0A2-404E-B4BD-DB7E3EF1E166} = {7DC42FF2-00AE-429A-B70F-58975D5CFD02}
		{89B58BDD-4E51-4929-8D10-E92568FA8988} = {2FD39FD5-B0A2-404E-B4BD-DB7E3EF1E166}
		{6A005C6F-7760-41C0-AE61-A5800E034710} = {89B58BDD-4E51-4929-8D10-E92568FA8988}
		{94979FD6-F35C-4B39-BDCD-1A37964A8DCA} = {6741F607-7FCE-4603-88AE-61447BD14222}
		{EC1114D3-F4BD-43F2-8956-2A7400893C67} = {101345ED-AD25-4772-ACF5-E43EE3B4D1B5}
		{630D6D64-9CE8-4877-86CF-DFC0F5684D09} = {4F107595-2567-4B00-94D6-57BBFD69F30D}
		{D3C6798D-ABF5-4064-A3BA-120535B515D4} = {630D6D64-9CE8-4877-86CF-DFC0F5684D09}
		{43FBAD34-16A8-46AA-8028-F82A73B1DD20} = {EC1114D3-F4BD-43F2-8956-2A7400893C67}
		{62E83C2B-A025-4D7A-A372-1BD6E2307E98} = {EC1114D3-F4BD-43F2-8956-2A7400893C67}
		{883BBF7B-F611-4C86-BEBC-A2319B79F311} = {EC1114D3-F4BD-43F2-8956-2A7400893C67}
		{B16F2580-1219-4232-B14A-31B34F8C4ABC} = {6741F607-7FCE-4603-88AE-61447BD14222}
	EndGlobalSection
	GlobalSection(ExtensibilityGlobals) = postSolution
		SolutionGuid = {D742EFC8-C25B-46CB-A412-9A1663C6E216}
	EndGlobalSection
EndGlobal
